
Microsoft Visual Studio Solution File, Format Version 12.00
# Visual Studio Version 17
VisualStudioVersion = 17.13.35825.156 d17.13
MinimumVisualStudioVersion = 10.0.40219.1
Project("{54A90642-561A-4BB1-A94E-469ADEE60C69}") = "kaufland_system_web_api.client", "kaufland_system_web_api.client\kaufland_system_web_api.client.esproj", "{DBE75231-F4D2-1611-7CC8-C7808797650B}"
EndProject
Project("{FAE04EC0-301F-11D3-BF4B-00C04F79EFBC}") = "Kaufland_System_Web_Api.Server", "Kaufland_System_Web_Api.Server\Kaufland_System_Web_Api.Server.csproj", "{98DFE4AD-FDA4-4912-B6D8-DB7D4D3F1A49}"
EndProject
Global
	GlobalSection(SolutionConfigurationPlatforms) = preSolution
		Debug|Any CPU = Debug|Any CPU
		Release|Any CPU = Release|Any CPU
	EndGlobalSection
	GlobalSection(ProjectConfigurationPlatforms) = postSolution
		{DBE75231-F4D2-1611-7CC8-C7808797650B}.Debug|Any CPU.ActiveCfg = Debug|Any CPU
		{DBE75231-F4D2-1611-7CC8-C7808797650B}.Debug|Any CPU.Build.0 = Debug|Any CPU
		{DBE75231-F4D2-1611-7CC8-C7808797650B}.Debug|Any CPU.Deploy.0 = Debug|Any CPU
		{DBE75231-F4D2-1611-7CC8-C7808797650B}.Release|Any CPU.ActiveCfg = Release|Any CPU
		{DBE75231-F4D2-1611-7CC8-C7808797650B}.Release|Any CPU.Build.0 = Release|Any CPU
		{DBE75231-F4D2-1611-7CC8-C7808797650B}.Release|Any CPU.Deploy.0 = Release|Any CPU
		{98DFE4AD-FDA4-4912-B6D8-DB7D4D3F1A49}.Debug|Any CPU.ActiveCfg = Debug|Any CPU
		{98DFE4AD-FDA4-4912-B6D8-DB7D4D3F1A49}.Debug|Any CPU.Build.0 = Debug|Any CPU
		{98DFE4AD-FDA4-4912-B6D8-DB7D4D3F1A49}.Release|Any CPU.ActiveCfg = Release|Any CPU
		{98DFE4AD-FDA4-4912-B6D8-DB7D4D3F1A49}.Release|Any CPU.Build.0 = Release|Any CPU
	EndGlobalSection
	GlobalSection(SolutionProperties) = preSolution
		HideSolutionNode = FALSE
	EndGlobalSection
	GlobalSection(ExtensibilityGlobals) = postSolution
		SolutionGuid = {A2C8D9B8-D880-4CB7-A594-AE765F7D8FFF}
	EndGlobalSection
EndGlobal
